version = 1
revision = 3
requires-python = ">=3.12"

[[package]]
name = "beautifulsoup4"
version = "4.12.3"
source = { registry = "https://pypi.org/simple" }
dependencies = [
    { name = "soupsieve" },
]
sdist = { url = "https://files.pythonhosted.org/packages/b3/ca/824b1195773ce6166d388573fc106ce56d4a805bd7427b624e063596ec58/beautifulsoup4-4.12.3.tar.gz", hash = "sha256:74e3d1928edc070d21748185c46e3fb33490f22f52a3addee9aee0f4f7781051", size = 581181, upload-time = "2024-01-17T16:53:17.902Z" }
wheels = [
    { url = "https://files.pythonhosted.org/packages/b1/fe/e8c672695b37eecc5cbf43e1d0638d88d66ba3a44c4d321c796f4e59167f/beautifulsoup4-4.12.3-py3-none-any.whl", hash = "sha256:b80878c9f40111313e55da8ba20bdba06d8fa3969fc68304167741bbf9e082ed", size = 147925, upload-time = "2024-01-17T16:53:12.779Z" },
]

[[package]]
name = "certifi"
version = "2023.11.17"
source = { registry = "https://pypi.org/simple" }
sdist = { url = "https://files.pythonhosted.org/packages/d4/91/c89518dd4fe1f3a4e3f6ab7ff23cb00ef2e8c9adf99dacc618ad5e068e28/certifi-2023.11.17.tar.gz", hash = "sha256:9b469f3a900bf28dc19b8cfbf8019bf47f7fdd1a65a1d4ffb98fc14166beb4d1", size = 163637, upload-time = "2023-11-18T02:54:02.397Z" }
wheels = [
    { url = "https://files.pythonhosted.org/packages/64/62/428ef076be88fa93716b576e4a01f919d25968913e817077a386fcbe4f42/certifi-2023.11.17-py3-none-any.whl", hash = "sha256:e036ab49d5b79556f99cfc2d9320b34cfbe5be05c5871b51de9329f0603b0474", size = 162530, upload-time = "2023-11-18T02:54:00.083Z" },
]

[[package]]
name = "dnspython"
version = "2.8.0"
source = { registry = "https://pypi.org/simple" }
sdist = { url = "https://files.pythonhosted.org/packages/8c/8b/57666417c0f90f08bcafa776861060426765fdb422eb10212086fb811d26/dnspython-2.8.0.tar.gz", hash = "sha256:181d3c6996452cb1189c4046c61599b84a5a86e099562ffde77d26984ff26d0f", size = 368251, upload-time = "2025-09-07T18:58:00.022Z" }
wheels = [
    { url = "https://files.pythonhosted.org/packages/ba/5a/18ad964b0086c6e62e2e7500f7edc89e3faa45033c71c1893d34eed2b2de/dnspython-2.8.0-py3-none-any.whl", hash = "sha256:01d9bbc4a2d76bf0db7c1f729812ded6d912bd318d3b1cf81d30c0f845dbf3af", size = 331094, upload-time = "2025-09-07T18:57:58.071Z" },
]

[[package]]
name = "lxml"
version = "5.1.0"
source = { registry = "https://pypi.org/simple" }
sdist = { url = "https://files.pythonhosted.org/packages/2b/b4/bbccb250adbee490553b6a52712c46c20ea1ba533a643f1424b27ffc6845/lxml-5.1.0.tar.gz", hash = "sha256:3eea6ed6e6c918e468e693c41ef07f3c3acc310b70ddd9cc72d9ef84bc9564ca", size = 3839638, upload-time = "2024-01-08T08:33:30.942Z" }
wheels = [
    { url = "https://files.pythonhosted.org/packages/f9/8c/faab484c22459bd777cccc36905e3e98d2a128f0f66ef447a621e8858b92/lxml-5.1.0-cp312-cp312-macosx_10_9_universal2.whl", hash = "sha256:9aa543980ab1fbf1720969af1d99095a548ea42e00361e727c58a40832439114", size = 8777117, upload-time = "2024-01-10T13:57:13.914Z" },
    { url = "https://files.pythonhosted.org/packages/53/c0/bac6130e2edfe32211e6c99280dc0e1b1eabf0591948c1aa8a8e7c7172c6/lxml-5.1.0-cp312-cp312-macosx_10_9_x86_64.whl", hash = "sha256:6f11b77ec0979f7e4dc5ae081325a2946f1fe424148d3945f943ceaede98adb8", size = 4761459, upload-time = "2024-01-08T08:30:09.03Z" },
    { url = "https://files.pythonhosted.org/packages/56/75/aa934ccbc158d181dcdc32e087a0c37d437f39466489ee395a7aa44e4884/lxml-5.1.0-cp312-cp312-macosx_11_0_arm64.whl", hash = "sha256:a36c506e5f8aeb40680491d39ed94670487ce6614b9d27cabe45d94cd5d63e1e", size = 4526167, upload-time = "2024-01-08T08:30:12.863Z" },
    { url = "https://files.pythonhosted.org/packages/5e/75/6646eba09a0660715ae1b10ae59e9c72518fbd3921fbadeada081a6ba1fc/lxml-5.1.0-cp312-cp312-manylinux_2_12_i686.manylinux2010_i686.manylinux_2_17_i686.manylinux2014_i686.whl", hash = "sha256:f643ffd2669ffd4b5a3e9b41c909b72b2a1d5e4915da90a77e119b8d48ce867a", size = 8299397, upload-time = "2024-01-08T08:30:16.6Z" },
    { url = "https://files.pythonhosted.org/packages/b3/0c/57298a0a8b47c62d9722d99ae1f6f27a976ccc1fea34ed54bdaea7d7a983/lxml-5.1.0-cp312-cp312-manylinux_2_17_aarch64.manylinux2014_aarch64.whl", hash = "sha256:16dd953fb719f0ffc5bc067428fc9e88f599e15723a85618c45847c96f11f431", size = 7812489, upload-time = "2024-01-08T08:30:20.365Z" },
    { url = "https://files.pythonhosted.org/packages/07/a2/fdb226e6aca18b7448caa5b6551b80df14460c8df38aaad87bab58fbbb17/lxml-5.1.0-cp312-cp312-manylinux_2_17_x86_64.manylinux2014_x86_64.whl", hash = "sha256:16018f7099245157564d7148165132c70adb272fb5a17c048ba70d9cc542a1a1", size = 8111967, upload-time = "2024-01-08T08:30:24.108Z" },
    { url = "https://files.pythonhosted.org/packages/c3/19/b7644b40df5d04e76de550a50d0251ee5efebd18f7cf65675ecfc020a8f5/lxml-5.1.0-cp312-cp312-musllinux_1_1_aarch64.whl", hash = "sha256:82cd34f1081ae4ea2ede3d52f71b7be313756e99b4b5f829f89b12da552d3aa3", size = 7680287, upload-time = "2024-01-08T08:30:28.661Z" },
    { url = "https://files.pythonhosted.org/packages/e8/6e/0a6fb288b02e3f10e7090958d99e43cc2a373aceb401362ec083e4298029/lxml-5.1.0-cp312-cp312-musllinux_1_1_x86_64.whl", hash = "sha256:19a1bc898ae9f06bccb7c3e1dfd73897ecbbd2c96afe9095a6026016e5ca97b8", size = 7950438, upload-time = "2024-01-08T08:30:33.358Z" },
    { url = "https://files.pythonhosted.org/packages/e7/a9/44cbee712b0e371dff08eb3f98d3a6415848bea5ab40ce0e5ff059d88c44/lxml-5.1.0-cp312-cp312-win32.whl", hash = "sha256:13521a321a25c641b9ea127ef478b580b5ec82aa2e9fc076c86169d161798b01", size = 3570322, upload-time = "2024-01-08T08:30:36.261Z" },
    { url = "https://files.pythonhosted.org/packages/02/59/e1fbe2514d8ab39977b72e77f98d0fa49772f61e938049baf151b307a4f0/lxml-5.1.0-cp312-cp312-win_amd64.whl", hash = "sha256:1ad17c20e3666c035db502c78b86e58ff6b5991906e55bdbef94977700c72623", size = 3911611, upload-time = "2024-01-08T08:30:39.926Z" },
]

[[package]]
name = "pymongo"
version = "4.6.1"
source = { registry = "https://pypi.org/simple" }
dependencies = [
    { name = "dnspython" },
]
sdist = { url = "https://files.pythonhosted.org/packages/1d/f0/b5fcf9aee64ac3650a3df3bd1d7e8870838a82944fa4868768ab9db5416a/pymongo-4.6.1.tar.gz", hash = "sha256:31dab1f3e1d0cdd57e8df01b645f52d43cc1b653ed3afd535d2891f4fc4f9712", size = 1431081, upload-time = "2023-11-29T15:27:47.053Z" }
wheels = [
    { url = "https://files.pythonhosted.org/packages/f0/7e/076144a8deaf9ad41411852be2d65fbb033e899bfd297975496acc5bc7be/pymongo-4.6.1-cp312-cp312-macosx_10_9_universal2.whl", hash = "sha256:b435b13bb8e36be11b75f7384a34eefe487fe87a6267172964628e2b14ecf0a7", size = 533362, upload-time = "2023-11-29T15:25:39.072Z" },
    { url = "https://files.pythonhosted.org/packages/b6/73/f23e84f56dd7c22d0bd53a1d6b653d04d77b7a6e3958b48c74d014c9bd47/pymongo-4.6.1-cp312-cp312-manylinux_2_17_aarch64.manylinux2014_aarch64.whl", hash = "sha256:e438417ce1dc5b758742e12661d800482200b042d03512a8f31f6aaa9137ad40", size = 694408, upload-time = "2023-11-29T15:25:41.291Z" },
    { url = "https://files.pythonhosted.org/packages/d9/63/afdec16bf24ceaa92bb81626ebad5e629c1078b8577e3e585c7e094829fb/pymongo-4.6.1-cp312-cp312-manylinux_2_17_ppc64le.manylinux2014_ppc64le.whl", hash = "sha256:8b47ebd89e69fbf33d1c2df79759d7162fc80c7652dacfec136dae1c9b3afac7", size = 704112, upload-time = "2023-11-29T15:25:43.924Z" },
    { url = "https://files.pythonhosted.org/packages/a8/e4/4aed690240649ad7f76476bb8e4af0307266b6ffdd7ccf2db01dcd0de493/pymongo-4.6.1-cp312-cp312-manylinux_2_17_s390x.manylinux2014_s390x.whl", hash = "sha256:bbed8cccebe1169d45cedf00461b2842652d476d2897fd1c42cf41b635d88746", size = 701036, upload-time = "2023-11-29T15:25:46.102Z" },
    { url = "https://files.pythonhosted.org/packages/3a/9e/d94d2fb0676e0aa73ce31231095d3c5ce06bbb635b9f16b3db4b216e5b36/pymongo-4.6.1-cp312-cp312-manylinux_2_17_x86_64.manylinux2014_x86_64.whl", hash = "sha256:c30a9e06041fbd7a7590693ec5e407aa8737ad91912a1e70176aff92e5c99d20", size = 691682, upload-time = "2023-11-29T15:25:48.023Z" },
    { url = "https://files.pythonhosted.org/packages/fd/65/f0836d12525b73a2b3f0bd5201b2fe15c22bcca1ea0a9615014b2f6e51d6/pymongo-4.6.1-cp312-cp312-manylinux_2_5_i686.manylinux1_i686.manylinux_2_17_i686.manylinux2014_i686.whl", hash = "sha256:b8729dbf25eb32ad0dc0b9bd5e6a0d0b7e5c2dc8ec06ad171088e1896b522a74", size = 681284, upload-time = "2023-11-29T15:25:50.134Z" },
    { url = "https://files.pythonhosted.org/packages/c1/fe/8ac6185e91d85837e25f63aa811b570a07737f292ea948a2ad3e44ba78bd/pymongo-4.6.1-cp312-cp312-win32.whl", hash = "sha256:3177f783ae7e08aaf7b2802e0df4e4b13903520e8380915e6337cdc7a6ff01d8", size = 467566, upload-time = "2023-11-29T15:25:51.988Z" },
    { url = "https://files.pythonhosted.org/packages/84/a8/af969731cd8e0e0213636d8b1875009a73260bfbf294129342fe02070c68/pymongo-4.6.1-cp312-cp312-win_amd64.whl", hash = "sha256:00c199e1c593e2c8b033136d7a08f0c376452bac8a896c923fcd6f419e07bdd2", size = 472841, upload-time = "2023-11-29T15:25:53.862Z" },
]

[[package]]
name = "python-dotenv"
version = "1.0.0"
source = { registry = "https://pypi.org/simple" }
sdist = { url = "https://files.pythonhosted.org/packages/31/06/1ef763af20d0572c032fa22882cfbfb005fba6e7300715a37840858c919e/python-dotenv-1.0.0.tar.gz", hash = "sha256:a8df96034aae6d2d50a4ebe8216326c61c3eb64836776504fcca410e5937a3ba", size = 37399, upload-time = "2023-02-24T06:46:37.282Z" }
wheels = [
    { url = "https://files.pythonhosted.org/packages/44/2f/62ea1c8b593f4e093cc1a7768f0d46112107e790c3e478532329e434f00b/python_dotenv-1.0.0-py3-none-any.whl", hash = "sha256:f5971a9226b701070a4bf2c38c89e5a3f0d64de8debda981d1db98583009122a", size = 19482, upload-time = "2023-02-24T06:46:36.009Z" },
]

[[package]]
name = "sise-ruche"
version = "0.1.0"
source = { virtual = "." }
dependencies = [
    { name = "beautifulsoup4" },
    { name = "certifi" },
    { name = "lxml" },
    { name = "pymongo" },
    { name = "python-dotenv" },
]

[package.metadata]
requires-dist = [
    { name = "beautifulsoup4", specifier = "==4.12.3" },
    { name = "certifi", specifier = "==2023.11.17" },
    { name = "lxml", specifier = "==5.1.0" },
    { name = "pymongo", specifier = "==4.6.1" },
    { name = "python-dotenv", specifier = "==1.0.0" },
]

[[package]]
name = "soupsieve"
version = "2.8.1"
source = { registry = "https://pypi.org/simple" }
sdist = { url = "https://files.pythonhosted.org/packages/89/23/adf3796d740536d63a6fbda113d07e60c734b6ed5d3058d1e47fc0495e47/soupsieve-2.8.1.tar.gz", hash = "sha256:4cf733bc50fa805f5df4b8ef4740fc0e0fa6218cf3006269afd3f9d6d80fd350", size = 117856, upload-time = "2025-12-18T13:50:34.655Z" }
wheels = [
    { url = "https://files.pythonhosted.org/packages/48/f3/b67d6ea49ca9154453b6d70b34ea22f3996b9fa55da105a79d8732227adc/soupsieve-2.8.1-py3-none-any.whl", hash = "sha256:a11fe2a6f3d76ab3cf2de04eb339c1be5b506a8a47f2ceb6d139803177f85434", size = 36710, upload-time = "2025-12-18T13:50:33.267Z" },
]
